// !$*UTF8*$!
{
	archiveVersion = 1;
	classes = {
	};
	objectVersion = 56;
	objects = {

/* Begin PBXBuildFile section */
		C2D686EF2A533A2A000DCEDB /* CurrencyExchangeApp.swift in Sources */ = {isa = PBXBuildFile; fileRef = C2D686EE2A533A2A000DCEDB /* CurrencyExchangeApp.swift */; };
		C2D686F12A533A2A000DCEDB /* ContentView.swift in Sources */ = {isa = PBXBuildFile; fileRef = C2D686F02A533A2A000DCEDB /* ContentView.swift */; };
		C2D686F32A533A2C000DCEDB /* Assets.xcassets in Resources */ = {isa = PBXBuildFile; fileRef = C2D686F22A533A2C000DCEDB /* Assets.xcassets */; };
		C2D686F62A533A2C000DCEDB /* Preview Assets.xcassets in Resources */ = {isa = PBXBuildFile; fileRef = C2D686F52A533A2C000DCEDB /* Preview Assets.xcassets */; };
		C2D686FE2A533A50000DCEDB /* getUsdRate.swift in Sources */ = {isa = PBXBuildFile; fileRef = C2D686FD2A533A50000DCEDB /* getUsdRate.swift */; };
		C2D687012A533C2D000DCEDB /* SQLite in Frameworks */ = {isa = PBXBuildFile; productRef = C2D687002A533C2D000DCEDB /* SQLite */; };
		C2D687042A533C95000DCEDB /* exchange_rates.db in Resources */ = {isa = PBXBuildFile; fileRef = C2D687032A533C95000DCEDB /* exchange_rates.db */; };
		C2D687072A534BB7000DCEDB /* listCurrencyCodes.swift in Sources */ = {isa = PBXBuildFile; fileRef = C2D687062A534BB7000DCEDB /* listCurrencyCodes.swift */; };
/* End PBXBuildFile section */

/* Begin PBXFileReference section */
		C2D686EB2A533A2A000DCEDB /* CurrencyExchange.app */ = {isa = PBXFileReference; explicitFileType = wrapper.application; includeInIndex = 0; path = CurrencyExchange.app; sourceTree = BUILT_PRODUCTS_DIR; };
		C2D686EE2A533A2A000DCEDB /* CurrencyExchangeApp.swift */ = {isa = PBXFileReference; lastKnownFileType = sourcecode.swift; path = CurrencyExchangeApp.swift; sourceTree = "<group>"; };
		C2D686F02A533A2A000DCEDB /* ContentView.swift */ = {isa = PBXFileReference; lastKnownFileType = sourcecode.swift; path = ContentView.swift; sourceTree = "<group>"; };
		C2D686F22A533A2C000DCEDB /* Assets.xcassets */ = {isa = PBXFileReference; lastKnownFileType = folder.assetcatalog; path = Assets.xcassets; sourceTree = "<group>"; };
		C2D686F52A533A2C000DCEDB /* Preview Assets.xcassets */ = {isa = PBXFileReference; lastKnownFileType = folder.assetcatalog; path = "Preview Assets.xcassets"; sourceTree = "<group>"; };
		C2D686F72A533A2C000DCEDB /* CurrencyExchange.entitlements */ = {isa = PBXFileReference; lastKnownFileType = text.plist.entitlements; path = CurrencyExchange.entitlements; sourceTree = "<group>"; };
		C2D686FD2A533A50000DCEDB /* getUsdRate.swift */ = {isa = PBXFileReference; lastKnownFileType = sourcecode.swift; path = getUsdRate.swift; sourceTree = "<group>"; };
		C2D687032A533C95000DCEDB /* exchange_rates.db */ = {isa = PBXFileReference; lastKnownFileType = file; path = exchange_rates.db; sourceTree = "<group>"; };
		C2D687062A534BB7000DCEDB /* listCurrencyCodes.swift */ = {isa = PBXFileReference; lastKnownFileType = sourcecode.swift; path = listCurrencyCodes.swift; sourceTree = "<group>"; };
/* End PBXFileReference section */

/* Begin PBXFrameworksBuildPhase section */
		C2D686E82A533A2A000DCEDB /* Frameworks */ = {
			isa = PBXFrameworksBuildPhase;
			buildActionMask = 2147483647;
			files = (
				C2D687012A533C2D000DCEDB /* SQLite in Frameworks */,
			);
			runOnlyForDeploymentPostprocessing = 0;
		};
/* End PBXFrameworksBuildPhase section */

/* Begin PBXGroup section */
		C2D686E22A533A2A000DCEDB = {
			isa = PBXGroup;
			children = (
				C2D686ED2A533A2A000DCEDB /* CurrencyExchange */,
				C2D686EC2A533A2A000DCEDB /* Products */,
			);
			sourceTree = "<group>";
		};
		C2D686EC2A533A2A000DCEDB /* Products */ = {
			isa = PBXGroup;
			children = (
				C2D686EB2A533A2A000DCEDB /* CurrencyExchange.app */,
			);
			name = Products;
			sourceTree = "<group>";
		};
		C2D686ED2A533A2A000DCEDB /* CurrencyExchange */ = {
			isa = PBXGroup;
			children = (
				C2D687052A534BA2000DCEDB /* SQLite */,
				C2D687032A533C95000DCEDB /* exchange_rates.db */,
				C2D686EE2A533A2A000DCEDB /* CurrencyExchangeApp.swift */,
				C2D686F02A533A2A000DCEDB /* ContentView.swift */,
				C2D686F22A533A2C000DCEDB /* Assets.xcassets */,
				C2D686F72A533A2C000DCEDB /* CurrencyExchange.entitlements */,
				C2D686F42A533A2C000DCEDB /* Preview Content */,
			);
			path = CurrencyExchange;
			sourceTree = "<group>";
		};
		C2D686F42A533A2C000DCEDB /* Preview Content */ = {
			isa = PBXGroup;
			children = (
				C2D686F52A533A2C000DCEDB /* Preview Assets.xcassets */,
			);
			path = "Preview Content";
			sourceTree = "<group>";
		};
		C2D687052A534BA2000DCEDB /* SQLite */ = {
			isa = PBXGroup;
			children = (
				C2D686FD2A533A50000DCEDB /* getUsdRate.swift */,
				C2D687062A534BB7000DCEDB /* listCurrencyCodes.swift */,
			);
			path = SQLite;
			sourceTree = "<group>";
		};
/* End PBXGroup section */

/* Begin PBXNativeTarget section */
		C2D686EA2A533A2A000DCEDB /* CurrencyExchange */ = {
			isa = PBXNativeTarget;
			buildConfigurationList = C2D686FA2A533A2C000DCEDB /* Build configuration list for PBXNativeTarget "CurrencyExchange" */;
			buildPhases = (
				C2D686E72A533A2A000DCEDB /* Sources */,
				C2D686E82A533A2A000DCEDB /* Frameworks */,
				C2D686E92A533A2A000DCEDB /* Resources */,
			);
			buildRules = (
			);
			dependencies = (
			);
			name = CurrencyExchange;
			packageProductDependencies = (
				C2D687002A533C2D000DCEDB /* SQLite */,
			);
			productName = CurrencyExchange;
			productReference = C2D686EB2A533A2A000DCEDB /* CurrencyExchange.app */;
			productType = "com.apple.product-type.application";
		};
/* End PBXNativeTarget section */

/* Begin PBXProject section */
		C2D686E32A533A2A000DCEDB /* Project object */ = {
			isa = PBXProject;
			attributes = {
				BuildIndependentTargetsInParallel = 1;
				LastSwiftUpdateCheck = 1430;
				LastUpgradeCheck = 1430;
				TargetAttributes = {
					C2D686EA2A533A2A000DCEDB = {
						CreatedOnToolsVersion = 14.3.1;
					};
				};
			};
			buildConfigurationList = C2D686E62A533A2A000DCEDB /* Build configuration list for PBXProject "CurrencyExchange" */;
			compatibilityVersion = "Xcode 14.0";
			developmentRegion = en;
			hasScannedForEncodings = 0;
			knownRegions = (
				en,
				Base,
			);
			mainGroup = C2D686E22A533A2A000DCEDB;
			packageReferences = (
				C2D686FF2A533C2D000DCEDB /* XCRemoteSwiftPackageReference "SQLite.swift" */,
			);
			productRefGroup = C2D686EC2A533A2A000DCEDB /* Products */;
			projectDirPath = "";
			projectRoot = "";
			targets = (
				C2D686EA2A533A2A000DCEDB /* CurrencyExchange */,
			);
		};
/* End PBXProject section */

/* Begin PBXResourcesBuildPhase section */
		C2D686E92A533A2A000DCEDB /* Resources */ = {
			isa = PBXResourcesBuildPhase;
			buildActionMask = 2147483647;
			files = (
				C2D686F62A533A2C000DCEDB /* Preview Assets.xcassets in Resources */,
				C2D687042A533C95000DCEDB /* exchange_rates.db in Resources */,
				C2D686F32A533A2C000DCEDB /* Assets.xcassets in Resources */,
			);
			runOnlyForDeploymentPostprocessing = 0;
		};
/* End PBXResourcesBuildPhase section */

/* Begin PBXSourcesBuildPhase section */
		C2D686E72A533A2A000DCEDB /* Sources */ = {
			isa = PBXSourcesBuildPhase;
			buildActionMask = 2147483647;
			files = (
				C2D686F12A533A2A000DCEDB /* ContentView.swift in Sources */,
				C2D686EF2A533A2A000DCEDB /* CurrencyExchangeApp.swift in Sources */,
				C2D686FE2A533A50000DCEDB /* getUsdRate.swift in Sources */,
				C2D687072A534BB7000DCEDB /* listCurrencyCodes.swift in Sources */,
			);
			runOnlyForDeploymentPostprocessing = 0;
		};
/* End PBXSourcesBuildPhase section */

/* Begin XCBuildConfiguration section */
		C2D686F82A533A2C000DCEDB /* Debug */ = {
			isa = XCBuildConfiguration;
			buildSettings = {
				ALWAYS_SEARCH_USER_PATHS = NO;
				CLANG_ANALYZER_NONNULL = YES;
				CLANG_ANALYZER_NUMBER_OBJECT_CONVERSION = YES_AGGRESSIVE;
				CLANG_CXX_LANGUAGE_STANDARD = "gnu++20";
				CLANG_ENABLE_MODULES = YES;
				CLANG_ENABLE_OBJC_ARC = YES;
				CLANG_ENABLE_OBJC_WEAK = YES;
				CLANG_WARN_BLOCK_CAPTURE_AUTORELEASING = YES;
				CLANG_WARN_BOOL_CONVERSION = YES;
				CLANG_WARN_COMMA = YES;
				CLANG_WARN_CONSTANT_CONVERSION = YES;
				CLANG_WARN_DEPRECATED_OBJC_IMPLEMENTATIONS = YES;
				CLANG_WARN_DIRECT_OBJC_ISA_USAGE = YES_ERROR;
				CLANG_WARN_DOCUMENTATION_COMMENTS = YES;
				CLANG_WARN_EMPTY_BODY = YES;
				CLANG_WARN_ENUM_CONVERSION = YES;
				CLANG_WARN_INFINITE_RECURSION = YES;
				CLANG_WARN_INT_CONVERSION = YES;
				CLANG_WARN_NON_LITERAL_NULL_CONVERSION = YES;
				CLANG_WARN_OBJC_IMPLICIT_RETAIN_SELF = YES;
				CLANG_WARN_OBJC_LITERAL_CONVERSION = YES;
				CLANG_WARN_OBJC_ROOT_CLASS = YES_ERROR;
				CLANG_WARN_QUOTED_INCLUDE_IN_FRAMEWORK_HEADER = YES;
				CLANG_WARN_RANGE_LOOP_ANALYSIS = YES;
				CLANG_WARN_STRICT_PROTOTYPES = YES;
				CLANG_WARN_SUSPICIOUS_MOVE = YES;
				CLANG_WARN_UNGUARDED_AVAILABILITY = YES_AGGRESSIVE;
				CLANG_WARN_UNREACHABLE_CODE = YES;
				CLANG_WARN__DUPLICATE_METHOD_MATCH = YES;
				COPY_PHASE_STRIP = NO;
				DEBUG_INFORMATION_FORMAT = dwarf;
				ENABLE_STRICT_OBJC_MSGSEND = YES;
				ENABLE_TESTABILITY = YES;
				GCC_C_LANGUAGE_STANDARD = gnu11;
				GCC_DYNAMIC_NO_PIC = NO;
				GCC_NO_COMMON_BLOCKS = YES;
				GCC_OPTIMIZATION_LEVEL = 0;
				GCC_PREPROCESSOR_DEFINITIONS = (
					"DEBUG=1",
					"$(inherited)",
				);
				GCC_WARN_64_TO_32_BIT_CONVERSION = YES;
				GCC_WARN_ABOUT_RETURN_TYPE = YES_ERROR;
				GCC_WARN_UNDECLARED_SELECTOR = YES;
				GCC_WARN_UNINITIALIZED_AUTOS = YES_AGGRESSIVE;
				GCC_WARN_UNUSED_FUNCTION = YES;
				GCC_WARN_UNUSED_VARIABLE = YES;
				MACOSX_DEPLOYMENT_TARGET = 13.3;
				MTL_ENABLE_DEBUG_INFO = INCLUDE_SOURCE;
				MTL_FAST_MATH = YES;
				ONLY_ACTIVE_ARCH = YES;
				SDKROOT = macosx;
				SWIFT_ACTIVE_COMPILATION_CONDITIONS = DEBUG;
				SWIFT_OPTIMIZATION_LEVEL = "-Onone";
			};
			name = Debug;
		};
		C2D686F92A533A2C000DCEDB /* Release */ = {
			isa = XCBuildConfiguration;
			buildSettings = {
				ALWAYS_SEARCH_USER_PATHS = NO;
				CLANG_ANALYZER_NONNULL = YES;
				CLANG_ANALYZER_NUMBER_OBJECT_CONVERSION = YES_AGGRESSIVE;
				CLANG_CXX_LANGUAGE_STANDARD = "gnu++20";
				CLANG_ENABLE_MODULES = YES;
				CLANG_ENABLE_OBJC_ARC = YES;
				CLANG_ENABLE_OBJC_WEAK = YES;
				CLANG_WARN_BLOCK_CAPTURE_AUTORELEASING = YES;
				CLANG_WARN_BOOL_CONVERSION = YES;
				CLANG_WARN_COMMA = YES;
				CLANG_WARN_CONSTANT_CONVERSION = YES;
				CLANG_WARN_DEPRECATED_OBJC_IMPLEMENTATIONS = YES;
				CLANG_WARN_DIRECT_OBJC_ISA_USAGE = YES_ERROR;
				CLANG_WARN_DOCUMENTATION_COMMENTS = YES;
				CLANG_WARN_EMPTY_BODY = YES;
				CLANG_WARN_ENUM_CONVERSION = YES;
				CLANG_WARN_INFINITE_RECURSION = YES;
				CLANG_WARN_INT_CONVERSION = YES;
				CLANG_WARN_NON_LITERAL_NULL_CONVERSION = YES;
				CLANG_WARN_OBJC_IMPLICIT_RETAIN_SELF = YES;
				CLANG_WARN_OBJC_LITERAL_CONVERSION = YES;
				CLANG_WARN_OBJC_ROOT_CLASS = YES_ERROR;
				CLANG_WARN_QUOTED_INCLUDE_IN_FRAMEWORK_HEADER = YES;
				CLANG_WARN_RANGE_LOOP_ANALYSIS = YES;
				CLANG_WARN_STRICT_PROTOTYPES = YES;
				CLANG_WARN_SUSPICIOUS_MOVE = YES;
				CLANG_WARN_UNGUARDED_AVAILABILITY = YES_AGGRESSIVE;
				CLANG_WARN_UNREACHABLE_CODE = YES;
				CLANG_WARN__DUPLICATE_METHOD_MATCH = YES;
				COPY_PHASE_STRIP = NO;
				DEBUG_INFORMATION_FORMAT = "dwarf-with-dsym";
				ENABLE_NS_ASSERTIONS = NO;
				ENABLE_STRICT_OBJC_MSGSEND = YES;
				GCC_C_LANGUAGE_STANDARD = gnu11;
				GCC_NO_COMMON_BLOCKS = YES;
				GCC_WARN_64_TO_32_BIT_CONVERSION = YES;
				GCC_WARN_ABOUT_RETURN_TYPE = YES_ERROR;
				GCC_WARN_UNDECLARED_SELECTOR = YES;
				GCC_WARN_UNINITIALIZED_AUTOS = YES_AGGRESSIVE;
				GCC_WARN_UNUSED_FUNCTION = YES;
				GCC_WARN_UNUSED_VARIABLE = YES;
				MACOSX_DEPLOYMENT_TARGET = 13.3;
				MTL_ENABLE_DEBUG_INFO = NO;
				MTL_FAST_MATH = YES;
				SDKROOT = macosx;
				SWIFT_COMPILATION_MODE = wholemodule;
				SWIFT_OPTIMIZATION_LEVEL = "-O";
			};
			name = Release;
		};
		C2D686FB2A533A2C000DCEDB /* Debug */ = {
			isa = XCBuildConfiguration;
			buildSettings = {
				ASSETCATALOG_COMPILER_APPICON_NAME = AppIcon;
				ASSETCATALOG_COMPILER_GLOBAL_ACCENT_COLOR_NAME = AccentColor;
				CODE_SIGN_ENTITLEMENTS = CurrencyExchange/CurrencyExchange.entitlements;
				CODE_SIGN_STYLE = Automatic;
				COMBINE_HIDPI_IMAGES = YES;
				CURRENT_PROJECT_VERSION = 1;
				DEVELOPMENT_ASSET_PATHS = "\"CurrencyExchange/Preview Content\"";
				DEVELOPMENT_TEAM = 85N3S3DG8M;
				ENABLE_HARDENED_RUNTIME = YES;
				ENABLE_PREVIEWS = YES;
				GENERATE_INFOPLIST_FILE = YES;
				INFOPLIST_KEY_NSHumanReadableCopyright = "";
				LD_RUNPATH_SEARCH_PATHS = (
					"$(inherited)",
					"@executable_path/../Frameworks",
				);
				MARKETING_VERSION = 1.0;
				PRODUCT_BUNDLE_IDENTIFIER = ca.justinbush.CurrencyExchange;
				PRODUCT_NAME = "$(TARGET_NAME)";
				SWIFT_EMIT_LOC_STRINGS = YES;
				SWIFT_VERSION = 5.0;
			};
			name = Debug;
		};
		C2D686FC2A533A2C000DCEDB /* Release */ = {
			isa = XCBuildConfiguration;
			buildSettings = {
				ASSETCATALOG_COMPILER_APPICON_NAME = AppIcon;
				ASSETCATALOG_COMPILER_GLOBAL_ACCENT_COLOR_NAME = AccentColor;
				CODE_SIGN_ENTITLEMENTS = CurrencyExchange/CurrencyExchange.entitlements;
				CODE_SIGN_STYLE = Automatic;
				COMBINE_HIDPI_IMAGES = YES;
				CURRENT_PROJECT_VERSION = 1;
				DEVELOPMENT_ASSET_PATHS = "\"CurrencyExchange/Preview Content\"";
				DEVELOPMENT_TEAM = 85N3S3DG8M;
				ENABLE_HARDENED_RUNTIME = YES;
				ENABLE_PREVIEWS = YES;
				GENERATE_INFOPLIST_FILE = YES;
				INFOPLIST_KEY_NSHumanReadableCopyright = "";
				LD_RUNPATH_SEARCH_PATHS = (
					"$(inherited)",
					"@executable_path/../Frameworks",
				);
				MARKETING_VERSION = 1.0;
				PRODUCT_BUNDLE_IDENTIFIER = ca.justinbush.CurrencyExchange;
				PRODUCT_NAME = "$(TARGET_NAME)";
				SWIFT_EMIT_LOC_STRINGS = YES;
				SWIFT_VERSION = 5.0;
			};
			name = Release;
		};
/* End XCBuildConfiguration section */

/* Begin XCConfigurationList section */
		C2D686E62A533A2A000DCEDB /* Build configuration list for PBXProject "CurrencyExchange" */ = {
			isa = XCConfigurationList;
			buildConfigurations = (
				C2D686F82A533A2C000DCEDB /* Debug */,
				C2D686F92A533A2C000DCEDB /* Release */,
			);
			defaultConfigurationIsVisible = 0;
			defaultConfigurationName = Release;
		};
		C2D686FA2A533A2C000DCEDB /* Build configuration list for PBXNativeTarget "CurrencyExchange" */ = {
			isa = XCConfigurationList;
			buildConfigurations = (
				C2D686FB2A533A2C000DCEDB /* Debug */,
				C2D686FC2A533A2C000DCEDB /* Release */,
			);
			defaultConfigurationIsVisible = 0;
			defaultConfigurationName = Release;
		};
/* End XCConfigurationList section */

/* Begin XCRemoteSwiftPackageReference section */
		C2D686FF2A533C2D000DCEDB /* XCRemoteSwiftPackageReference "SQLite.swift" */ = {
			isa = XCRemoteSwiftPackageReference;
			repositoryURL = "https://github.com/stephencelis/SQLite.swift.git";
			requirement = {
				kind = upToNextMajorVersion;
				minimumVersion = 0.13.0;
			};
		};
/* End XCRemoteSwiftPackageReference section */

/* Begin XCSwiftPackageProductDependency section */
		C2D687002A533C2D000DCEDB /* SQLite */ = {
			isa = XCSwiftPackageProductDependency;
			package = C2D686FF2A533C2D000DCEDB /* XCRemoteSwiftPackageReference "SQLite.swift" */;
			productName = SQLite;
		};
/* End XCSwiftPackageProductDependency section */
	};
	rootObject = C2D686E32A533A2A000DCEDB /* Project object */;
}
